{
  "version": 1,
  "dependencies": {
    "net8.0": {
      "Deepgram": {
        "type": "Direct",
        "requested": "[6.6.1, )",
        "resolved": "6.6.1",
        "contentHash": "DVxqEtXRDcOVDYzVN4c541+3ZeFydbp/dP/O+mdTKBNehc/jfGHFKRxS4RF9NO6tJTVl6nflh34IX22YxfcdlA==",
        "dependencies": {
          "Microsoft.Extensions.DependencyInjection.Abstractions": "8.0.2",
          "Microsoft.Extensions.Http.Polly": "8.0.22",
          "Microsoft.Extensions.Logging": "8.0.1",
          "Microsoft.Extensions.Logging.Abstractions": "8.0.3",
          "Polly.Contrib.WaitAndRetry": "1.1.1",
          "Serilog": "3.1.1",
          "Serilog.Sinks.Console": "5.0.1",
          "Serilog.Sinks.File": "5.0.0",
          "System.Text.Json": "8.0.6",
          "System.Threading.Channels": "8.0.0"
        }
      },
      "Microsoft.SemanticKernel": {
        "type": "Direct",
        "requested": "[1.74.0, )",
        "resolved": "1.74.0",
        "contentHash": "V1N0mR8VHLEY11w2w8ls3Bk60fOjp6TaHOduBXMwfaR5ZF2bho6rCQdonU+6zwAKyD1JB+yT0wJ2xt1hcm60+w==",
        "dependencies": {
          "Microsoft.SemanticKernel.Connectors.AzureOpenAI": "1.74.0",
          "Microsoft.SemanticKernel.Core": "1.74.0"
        }
      },
      "Azure.AI.OpenAI": {
        "type": "Transitive",
        "resolved": "2.9.0-beta.1",
        "contentHash": "CgIYDuCSOFx+yPuCdK7iz71OW2envfVeIE/YoNYK+mhr6bxgIJV6jfBF+mV9aHDQ6KVQjeSL6OZ7x90XrvsoRg==",
        "dependencies": {
          "Azure.Core": "1.51.1",
          "OpenAI": "2.9.1"
        }
      },
      "Azure.Core": {
        "type": "Transitive",
        "resolved": "1.51.1",
        "contentHash": "JRANrRvN5O5FFRh+pMUb8qqWU7jBQ39qXEbVr7Rkb1/s7rqc6RSzVHKGBz5Ro1gDy2WSGjG5YEOJKpPIBiCMcA==",
        "dependencies": {
          "Microsoft.Bcl.AsyncInterfaces": "10.0.2",
          "System.ClientModel": "1.9.0",
          "System.Memory.Data": "10.0.1"
        }
      },
      "Microsoft.Bcl.AsyncInterfaces": {
        "type": "Transitive",
        "resolved": "10.0.2",
        "contentHash": "qE5JhRoeJbAipLqpUCZyNfNwnpAvUttXgIQDnTiJ15d8ji+/bPgoPkB3xLzK5cQTobN2D2ditUesUlDHb7p3Pg=="
      },
      "Microsoft.Bcl.HashCode": {
        "type": "Transitive",
        "resolved": "1.1.1",
        "contentHash": "MalY0Y/uM/LjXtHfX/26l2VtN4LDNZ2OE3aumNOHDLsT4fNYy2hiHXI4CXCqKpNUNm7iJ2brrc4J89UdaL56FA=="
      },
      "Microsoft.Extensions.AI": {
        "type": "Transitive",
        "resolved": "10.4.0",
        "contentHash": "7kKIuaUMFWikveZUjSrs53XfMVV7IDGSDaGp6/y/hV0HXsA7N2oIODZWxtEkEj8Q4cd/Oc/VlsVlg8efof7gFA==",
        "dependencies": {
          "Microsoft.Extensions.AI.Abstractions": "10.4.0",
          "Microsoft.Extensions.Caching.Abstractions": "10.0.4",
          "Microsoft.Extensions.DependencyInjection.Abstractions": "10.0.4",
          "Microsoft.Extensions.Logging.Abstractions": "10.0.4",
          "System.Diagnostics.DiagnosticSource": "10.0.4",
          "System.Numerics.Tensors": "10.0.4",
          "System.Text.Json": "10.0.4",
          "System.Threading.Channels": "10.0.4"
        }
      },
      "Microsoft.Extensions.AI.Abstractions": {
        "type": "Transitive",
        "resolved": "10.4.0",
        "contentHash": "t3S2H4do4YeNheIfE3GEl3MnKIrnxpbLu7a88spfApYR3in9ddhIq/GMtxgMaFjn/PUMTCFv5YH7Y6Q91dsDXQ==",
        "dependencies": {
          "System.Text.Json": "10.0.4"
        }
      },
      "Microsoft.Extensions.AI.OpenAI": {
        "type": "Transitive",
        "resolved": "10.4.0",
        "contentHash": "7R1fyxwF8KtQi8k2ih3Y6dHZiUfnnmZIgXY7hQ+dFlPkVZoefgKAzdnnrFZzYOjXPeJxh3gqAQ4psXnp59wwqw==",
        "dependencies": {
          "Microsoft.Extensions.AI.Abstractions": "10.4.0",
          "OpenAI": "2.9.1",
          "System.Text.Json": "10.0.4"
        }
      },
      "Microsoft.Extensions.Caching.Abstractions": {
        "type": "Transitive",
        "resolved": "10.0.4",
        "contentHash": "uDRooaV6N3WZ0kdlNPMB68/MdGn/in1Fs7Db7DnIm85RBTPy4P321WO+daAImiYpH5dekjNggDqy1N44WaIlMA==",
        "dependencies": {
          "Microsoft.Extensions.Primitives": "10.0.4"
        }
      },
      "Microsoft.Extensions.Configuration": {
        "type": "Transitive",
        "resolved": "8.0.0",
        "contentHash": "0J/9YNXTMWSZP2p2+nvl8p71zpSwokZXZuJW+VjdErkegAnFdO1XlqtA62SJtgVYHdKu3uPxJHcMR/r35HwFBA==",
        "dependencies": {
          "Microsoft.Extensions.Configuration.Abstractions": "8.0.0",
          "Microsoft.Extensions.Primitives": "8.0.0"
        }
      },
      "Microsoft.Extensions.Configuration.Abstractions": {
        "type": "Transitive",
        "resolved": "10.0.2",
        "contentHash": "KC5PslaTDnTuTvyke0KYAVBYdZ7IVTsU3JhHe69BpEbHLcj1YThP3bIGtZNOkZfast2AuLnul5lk4rZKxAdUGQ==",
        "dependencies": {
          "Microsoft.Extensions.Primitives": "10.0.2"
        }
      },
      "Microsoft.Extensions.Configuration.Binder": {
        "type": "Transitive",
        "resolved": "8.0.0",
        "contentHash": "mBMoXLsr5s1y2zOHWmKsE9veDcx8h1x/c3rz4baEdQKTeDcmQAPNbB54Pi/lhFO3K431eEq6PFbMgLaa6PHFfA==",
        "dependencies": {
          "Microsoft.Extensions.Configuration.Abstractions": "8.0.0"
        }
      },
      "Microsoft.Extensions.DependencyInjection": {
        "type": "Transitive",
        "resolved": "10.0.2",
        "contentHash": "J/Zmp6fY93JbaiZ11ckWvcyxMPjD6XVwIHQXBjryTBgn7O6O20HYg9uVLFcZlNfgH78MnreE/7EH+hjfzn7VyA==",
        "dependencies": {
          "Microsoft.Extensions.DependencyInjection.Abstractions": "10.0.2"
        }
      },
      "Microsoft.Extensions.DependencyInjection.Abstractions": {
        "type": "Transitive",
        "resolved": "10.0.4",
        "contentHash": "SIe9zlVQJecnk/DTmevIcl6+aEDYhoVLc2eG2AKwVeNEC8CSyxHAbh4lf0xtHq9JUum0vVTEByGNTK+b6oihTQ=="
      },
      "Microsoft.Extensions.Diagnostics": {
        "type": "Transitive",
        "resolved": "8.0.1",
        "contentHash": "doVPCUUCY7c6LhBsEfiy3W1bvS7Mi6LkfQMS8nlC22jZWNxBv8VO8bdfeyvpYFst6Kxqk7HBC6lytmEoBssvSQ==",
        "dependencies": {
          "Microsoft.Extensions.Configuration": "8.0.0",
          "Microsoft.Extensions.Diagnostics.Abstractions": "8.0.1",
          "Microsoft.Extensions.Options.ConfigurationExtensions": "8.0.0"
        }
      },
      "Microsoft.Extensions.Diagnostics.Abstractions": {
        "type": "Transitive",
        "resolved": "10.0.2",
        "contentHash": "GaiaeKUuLuUbRPkUokndDuzonhO6dk4lcfGflHsCeXiJ5JrZxcyks1KuG6eB9pON16x/+9uWfa4w9g3oP8AYvQ==",
        "dependencies": {
          "Microsoft.Extensions.DependencyInjection.Abstractions": "10.0.2",
          "Microsoft.Extensions.Options": "10.0.2",
          "System.Diagnostics.DiagnosticSource": "10.0.2"
        }
      },
      "Microsoft.Extensions.FileProviders.Abstractions": {
        "type": "Transitive",
        "resolved": "10.0.2",
        "contentHash": "+r/eJ+slW/EmwWmH3En4gzRg1k6+yTqexoHBrMuz5fxsIKJA8MDiSGepjw/ko3XyNqg+w3dxQe+huoVXs5XDJw==",
        "dependencies": {
          "Microsoft.Extensions.Primitives": "10.0.2"
        }
      },
      "Microsoft.Extensions.Hosting.Abstractions": {
        "type": "Transitive",
        "resolved": "10.0.2",
        "contentHash": "CeAAPVOtI/wtBcHOwq6Pw3VPdGi+pNaGHZj6vfXX/5zr8beO9SyL7IOCSQ70BauFTAFS0QF7f6zu2A6hC8D6nw==",
        "dependencies": {
          "Microsoft.Extensions.Configuration.Abstractions": "10.0.2",
          "Microsoft.Extensions.DependencyInjection.Abstractions": "10.0.2",
          "Microsoft.Extensions.Diagnostics.Abstractions": "10.0.2",
          "Microsoft.Extensions.FileProviders.Abstractions": "10.0.2",
          "Microsoft.Extensions.Logging.Abstractions": "10.0.2"
        }
      },
      "Microsoft.Extensions.Http": {
        "type": "Transitive",
        "resolved": "8.0.1",
        "contentHash": "kDYeKJUzh0qeg/AI+nSr3ffthmXYQTEb0nS9qRC7YhSbbuN4M4NPbaB77AJwtkTnCV9XZ7qYj3dkZaNcyl73EA==",
        "dependencies": {
          "Microsoft.Extensions.Configuration.Abstractions": "8.0.0",
          "Microsoft.Extensions.DependencyInjection.Abstractions": "8.0.2",
          "Microsoft.Extensions.Diagnostics": "8.0.1",
          "Microsoft.Extensions.Logging": "8.0.1",
          "Microsoft.Extensions.Logging.Abstractions": "8.0.2",
          "Microsoft.Extensions.Options": "8.0.2"
        }
      },
      "Microsoft.Extensions.Http.Polly": {
        "type": "Transitive",
        "resolved": "8.0.22",
        "contentHash": "0veowl2NhmxYSvHJN1VqVxghSUdoXRsBXbYO2Z5PpaHEHEiUzGyiVf3aFShVYW+yMMcGvtbJscmMmsvlyZWVXw==",
        "dependencies": {
          "Microsoft.Extensions.Http": "8.0.1",
          "Polly": "7.2.4",
          "Polly.Extensions.Http": "3.0.0"
        }
      },
      "Microsoft.Extensions.Logging": {
        "type": "Transitive",
        "resolved": "8.0.1",
        "contentHash": "4x+pzsQEbqxhNf1QYRr5TDkLP9UsLT3A6MdRKDDEgrW7h1ljiEPgTNhKYUhNCCAaVpQECVQ+onA91PTPnIp6Lw==",
        "dependencies": {
          "Microsoft.Extensions.DependencyInjection": "8.0.1",
          "Microsoft.Extensions.Logging.Abstractions": "8.0.2",
          "Microsoft.Extensions.Options": "8.0.2"
        }
      },
      "Microsoft.Extensions.Logging.Abstractions": {
        "type": "Transitive",
        "resolved": "10.0.4",
        "contentHash": "PDMMt7fvBatv6hcxxyJtXIzSwn7Dy00W6I2vDAOTYrQqNM2dF5A2L9n0uMzdPz2IPoNZWkAmYjoOCEdDLq0i4w==",
        "dependencies": {
          "Microsoft.Extensions.DependencyInjection.Abstractions": "10.0.4",
          "System.Diagnostics.DiagnosticSource": "10.0.4"
        }
      },
      "Microsoft.Extensions.Options": {
        "type": "Transitive",
        "resolved": "10.0.2",
        "contentHash": "1De2LJjmxdqopI5AYC5dIhoZQ79AR5ayywxNF1rXrXFtKQfbQOV9+n/IsZBa7qWlr0MqoGpW8+OY2v/57udZOA==",
        "dependencies": {
          "Microsoft.Extensions.DependencyInjection.Abstractions": "10.0.2",
          "Microsoft.Extensions.Primitives": "10.0.2"
        }
      },
      "Microsoft.Extensions.Options.ConfigurationExtensions": {
        "type": "Transitive",
        "resolved": "8.0.0",
        "contentHash": "0f4DMRqEd50zQh+UyJc+/HiBsZ3vhAQALgdkcQEalSH1L2isdC7Yj54M3cyo5e+BeO5fcBQ7Dxly8XiBBcvRgw==",
        "dependencies": {
          "Microsoft.Extensions.Configuration.Abstractions": "8.0.0",
          "Microsoft.Extensions.Configuration.Binder": "8.0.0",
          "Microsoft.Extensions.DependencyInjection.Abstractions": "8.0.0",
          "Microsoft.Extensions.Options": "8.0.0",
          "Microsoft.Extensions.Primitives": "8.0.0"
        }
      },
      "Microsoft.Extensions.Primitives": {
        "type": "Transitive",
        "resolved": "10.0.4",
        "contentHash": "lABYqiRH9HgYJsjzO3W7+cucUwWXhEkiyrRylANdIubnzcESlkIsLowXpQ4E+sc7kjMLbk1hk5oxw4qTKowTEg=="
      },
      "Microsoft.Extensions.VectorData.Abstractions": {
        "type": "Transitive",
        "resolved": "10.1.0",
        "contentHash": "I2XfmqEOWOq0Esbo0eWQ6WE5MAJkGyIs057F8ncmPCLJFw9b1IB7Jj5WiFlH6C5YXCAG9Z91QMBD/SkcMLhE7w==",
        "dependencies": {
          "Microsoft.Extensions.AI.Abstractions": "10.4.0"
        }
      },
      "Microsoft.SemanticKernel.Abstractions": {
        "type": "Transitive",
        "resolved": "1.74.0",
        "contentHash": "e9sPaCiyvi3FzQWbBTjyvLpq4LDaqekz4/xt+Zi30C9cOZRMw6srULEy/jOo9nDXJQ2bsai6JT5TLxuxGwuFWg==",
        "dependencies": {
          "Microsoft.Bcl.HashCode": "1.1.1",
          "Microsoft.Extensions.AI": "10.4.0",
          "Microsoft.Extensions.VectorData.Abstractions": "10.1.0",
          "System.Linq.AsyncEnumerable": "10.0.4",
          "System.Text.Json": "10.0.4"
        }
      },
      "Microsoft.SemanticKernel.Connectors.AzureOpenAI": {
        "type": "Transitive",
        "resolved": "1.74.0",
        "contentHash": "RZm+Bu4Y42ozRcAEJO9ruaBkyTPnLY/3v9hSWBhma6lj6O5Rva8EOLLZkaZM+Dn7d0dgBXOF4U+tedWtFXrjPg==",
        "dependencies": {
          "Azure.AI.OpenAI": "2.9.0-beta.1",
          "Microsoft.SemanticKernel.Connectors.OpenAI": "1.74.0",
          "Microsoft.SemanticKernel.Core": "1.74.0"
        }
      },
      "Microsoft.SemanticKernel.Connectors.OpenAI": {
        "type": "Transitive",
        "resolved": "1.74.0",
        "contentHash": "xojSsxe0MoJNIQLNGsYiH4jSMDeLnD/yniMEumSz1lt3ybnPHu3Xw1M/C+jfFcqdEXJe64j06b6DRwUs4IjqdQ==",
        "dependencies": {
          "Microsoft.Extensions.AI.OpenAI": "10.4.0",
          "Microsoft.SemanticKernel.Core": "1.74.0",
          "OpenAI": "2.9.1"
        }
      },
      "Microsoft.SemanticKernel.Core": {
        "type": "Transitive",
        "resolved": "1.74.0",
        "contentHash": "SfV2U3jvIy06BCrOkx3Am6c2lurJued7YEGX36wvk8WeSzgwwnkycqSOQTkbV0GLAzYeBKTA7+5mpPypjc7cPw==",
        "dependencies": {
          "Microsoft.Extensions.DependencyInjection": "10.0.2",
          "Microsoft.SemanticKernel.Abstractions": "1.74.0",
          "System.Numerics.Tensors": "10.0.4"
        }
      },
      "OpenAI": {
        "type": "Transitive",
        "resolved": "2.9.1",
        "contentHash": "KPTFYEt1EhrPeIZXGBE+DlutFEpMo/RspqSdUJ3p6pMqsw3NeGJcIja/K0He1j9KyRq8ASfzBgp2biWbNUGnFA==",
        "dependencies": {
          "System.ClientModel": "1.9.0",
          "System.Net.ServerSentEvents": "10.0.2"
        }
      },
      "Polly": {
        "type": "Transitive",
        "resolved": "7.2.4",
        "contentHash": "bw00Ck5sh6ekduDE3mnCo1ohzuad946uslCDEENu3091+6UKnBuKLo4e+yaNcCzXxOZCXWY2gV4a35+K1d4LDA=="
      },
      "Polly.Contrib.WaitAndRetry": {
        "type": "Transitive",
        "resolved": "1.1.1",
        "contentHash": "1MUQLiSo4KDkQe6nzQRhIU05lm9jlexX5BVsbuw0SL82ynZ+GzAHQxJVDPVBboxV37Po3SG077aX8DuSy8TkaA=="
      },
      "Polly.Extensions.Http": {
        "type": "Transitive",
        "resolved": "3.0.0",
        "contentHash": "drrG+hB3pYFY7w1c3BD+lSGYvH2oIclH8GRSehgfyP5kjnFnHKQuuBhuHLv+PWyFuaTDyk/vfRpnxOzd11+J8g==",
        "dependencies": {
          "Polly": "7.1.0"
        }
      },
      "Serilog": {
        "type": "Transitive",
        "resolved": "3.1.1",
        "contentHash": "P6G4/4Kt9bT635bhuwdXlJ2SCqqn2nhh4gqFqQueCOr9bK/e7W9ll/IoX1Ter948cV2Z/5+5v8pAfJYUISY03A=="
      },
      "Serilog.Sinks.Console": {
        "type": "Transitive",
        "resolved": "5.0.1",
        "contentHash": "6Jt8jl9y2ey8VV7nVEUAyjjyxjAQuvd5+qj4XYAT9CwcsvR70HHULGBeD+K2WCALFXf7CFsNQT4lON6qXcu2AA==",
        "dependencies": {
          "Serilog": "3.1.1"
        }
      },
      "Serilog.Sinks.File": {
        "type": "Transitive",
        "resolved": "5.0.0",
        "contentHash": "uwV5hdhWPwUH1szhO8PJpFiahqXmzPzJT/sOijH/kFgUx+cyoDTMM8MHD0adw9+Iem6itoibbUXHYslzXsLEAg==",
        "dependencies": {
          "Serilog": "2.10.0"
        }
      },
      "System.ClientModel": {
        "type": "Transitive",
        "resolved": "1.9.0",
        "contentHash": "1wdwKtMMMEFEYsxJmtrOd3G+7zVOVO3MlVZAsbKv9H0PnIx6J27fYAarMn0eQS0vKJPQL018DOb7YRK1O97p0A==",
        "dependencies": {
          "Microsoft.Extensions.Configuration.Abstractions": "10.0.2",
          "Microsoft.Extensions.Hosting.Abstractions": "10.0.2",
          "Microsoft.Extensions.Logging.Abstractions": "10.0.2",
          "System.Memory.Data": "10.0.1"
        }
      },
      "System.Diagnostics.DiagnosticSource": {
        "type": "Transitive",
        "resolved": "10.0.4",
        "contentHash": "WBD8SloNQ9Fp+6Iz+H42w5/VdwYPz9q7iuT6V5ng2FrtR1bYsewmQ3i2PqRR4NnuSZobJ/XtiKkbQyrheDHHdQ=="
      },
      "System.IO.Pipelines": {
        "type": "Transitive",
        "resolved": "10.0.4",
        "contentHash": "V7+RO17s/tzCpgqyj6t5vb54HFCvrRaMEwTcKDwpoQK66DRROzSff6kqtzHyiWRj6hrQQUmW80NL4pFSNhYpYA=="
      },
      "System.Linq.AsyncEnumerable": {
        "type": "Transitive",
        "resolved": "10.0.4",
        "contentHash": "zGjd0H9R+1ojPL5D5kwvHgKMm4aohcYOChSQrxb9s295xQNxgXhs9L4qAL34SbA2TfRFuAvPTF7AAqPeNacRcg=="
      },
      "System.Memory.Data": {
        "type": "Transitive",
        "resolved": "10.0.1",
        "contentHash": "BZC4mhdL569AXV56ep9YO6ShjhxFXGP7SwVX0Bc/e0dJPWnS6aBEXZJXqh64RVx8HquqWHkJUINBydLRQ1yq0g==",
        "dependencies": {
          "System.Text.Json": "10.0.1"
        }
      },
      "System.Net.ServerSentEvents": {
        "type": "Transitive",
        "resolved": "10.0.2",
        "contentHash": "pRmUzK1Av9Lqg5tOnk5/0+pFw195eVDP/9gJ2LP0YVPLzOGwjK3Obiutw4CKcJ2Gl9fOYTEc5Za8sB1/xexeGg=="
      },
      "System.Numerics.Tensors": {
        "type": "Transitive",
        "resolved": "10.0.4",
        "contentHash": "EK8wJVxnVfeCzchnEqVjIfZDpVIcmjfjUs9x1nzI41X2naPGT57QjoHlQJma2vDQUxEtPQiGv/v90mwcflx6mQ=="
      },
      "System.Text.Encodings.Web": {
        "type": "Transitive",
        "resolved": "10.0.4",
        "contentHash": "6g3B7jNsPRNf4luuYt1qE4R8S3JI+zMsfGWL9Idv4Mk1Z9Gh+rCagp9sG3AejPS87yBj1DjopM4i3wSz0WnEqg=="
      },
      "System.Text.Json": {
        "type": "Transitive",
        "resolved": "10.0.4",
        "contentHash": "1tRPRt8D/kzjGL7em1uJ3iJlvVIC3G/sZJ+ZgSvtVYLXGGO26Clkqy2b5uts/pyR706Yw8/xA7exeI2PI50dpw==",
        "dependencies": {
          "System.IO.Pipelines": "10.0.4",
          "System.Text.Encodings.Web": "10.0.4"
        }
      },
      "System.Threading.Channels": {
        "type": "Transitive",
        "resolved": "10.0.4",
        "contentHash": "YkecPP9I3PjRouQJzG/JwUoiASqHKddXQrgu+CKHra6yFv6AmTr8PCwzHanNus/kDeujWM4Bqunx7dYFRiPErg=="
      }
    }
  }
}